
Microsoft Visual Studio Solution File, Format Version 12.00
# Visual Studio Version 16
VisualStudioVersion = 16.0.29806.167
MinimumVisualStudioVersion = 10.0.40219.1
Project("{FAE04EC0-301F-11D3-BF4B-00C04F79EFBC}") = "OdeToFood.Web", "OdeToFood.Web\OdeToFood.Web.csproj", "{C78ECF1E-6087-4704-8E39-942C14D444E9}"
EndProject
Project("{FAE04EC0-301F-11D3-BF4B-00C04F79EFBC}") = "OdeToFood.Data", "OdeToFood.Data\OdeToFood.Data.csproj", "{40B88827-0EDF-4B4B-888B-E0449310EB50}"
EndProject
Global
	GlobalSection(SolutionConfigurationPlatforms) = preSolution
		Debug|Any CPU = Debug|Any CPU
		Release|Any CPU = Release|Any CPU
	EndGlobalSection
	GlobalSection(ProjectConfigurationPlatforms) = postSolution
		{C78ECF1E-6087-4704-8E39-942C14D444E9}.Debug|Any CPU.ActiveCfg = Debug|Any CPU
		{C78ECF1E-6087-4704-8E39-942C14D444E9}.Debug|Any CPU.Build.0 = Debug|Any CPU
		{C78ECF1E-6087-4704-8E39-942C14D444E9}.Release|Any CPU.ActiveCfg = Release|Any CPU
		{C78ECF1E-6087-4704-8E39-942C14D444E9}.Release|Any CPU.Build.0 = Release|Any CPU
		{40B88827-0EDF-4B4B-888B-E0449310EB50}.Debug|Any CPU.ActiveCfg = Debug|Any CPU
		{40B88827-0EDF-4B4B-888B-E0449310EB50}.Debug|Any CPU.Build.0 = Debug|Any CPU
		{40B88827-0EDF-4B4B-888B-E0449310EB50}.Release|Any CPU.ActiveCfg = Release|Any CPU
		{40B88827-0EDF-4B4B-888B-E0449310EB50}.Release|Any CPU.Build.0 = Release|Any CPU
	EndGlobalSection
	GlobalSection(SolutionProperties) = preSolution
		HideSolutionNode = FALSE
	EndGlobalSection
	GlobalSection(ExtensibilityGlobals) = postSolution
		SolutionGuid = {D70DBD01-59EA-4012-94C9-658FBFBF430F}
	EndGlobalSection
EndGlobal
